PODS:
  - AFNetworking (3.2.1):
    - AFNetworking/NSURLSession (= 3.2.1)
    - AFNetworking/Reachability (= 3.2.1)
    - AFNetworking/Security (= 3.2.1)
    - AFNetworking/Serialization (= 3.2.1)
    - AFNetworking/UIKit (= 3.2.1)
  - AFNetworking/NSURLSession (3.2.1):
    - AFNetworking/Reachability
    - AFNetworking/Security
    - AFNetworking/Serialization
  - AFNetworking/Reachability (3.2.1)
  - AFNetworking/Security (3.2.1)
  - AFNetworking/Serialization (3.2.1)
  - AFNetworking/UIKit (3.2.1):
    - AFNetworking/NSURLSession
  - CDDPagerController (1.1.5)
  - FMDB (2.7.2):
    - FMDB/standard (= 2.7.2)
  - FMDB/standard (2.7.2)
  - GQGesVCTransition (0.0.5)
  - HMSegmentedControl (1.5.5)
  - IQKeyboardManager (6.1.1)
  - Masonry (1.1.0)
  - MJExtension (3.0.15.1)
  - MJRefresh (3.1.15.6)
  - SDCycleScrollView (1.65):
    - SDWebImage (~> 3.7)
  - SDWebImage (3.8.2):
    - SDWebImage/Core (= 3.8.2)
  - SDWebImage/Core (3.8.2)
  - SVProgressHUD (2.2.5)
  - TZImagePickerController (3.0.0)
  - UMCAnalytics (5.5.0):
    - UMCCommon
  - UMCCommon (1.5.2)
  - UMCSecurityPlugins (1.0.6)
  - ZYCornerRadius (1.0.2)

DEPENDENCIES:
  - AFNetworking
  - CDDPagerController
  - FMDB
  - GQGesVCTransition
  - HMSegmentedControl
  - IQKeyboardManager
  - Masonry
  - MJExtension
  - MJRefresh
  - SDCycleScrollView
  - SDWebImage (= 3.8.2)
  - SVProgressHUD
  - TZImagePickerController
  - UMCAnalytics
  - UMCCommon
  - UMCSecurityPlugins
  - ZYCornerRadius

SPEC REPOS:
  https://github.com/cocoapods/specs.git:
    - AFNetworking
    - CDDPagerController
    - FMDB
    - GQGesVCTransition
    - HMSegmentedControl
    - IQKeyboardManager
    - Masonry
    - MJExtension
    - MJRefresh
    - SDCycleScrollView
    - SDWebImage
    - SVProgressHUD
    - TZImagePickerController
    - UMCAnalytics
    - UMCCommon
    - UMCSecurityPlugins
    - ZYCornerRadius

SPEC CHECKSUMS:
  AFNetworking: b6f891fdfaed196b46c7a83cf209e09697b94057
  CDDPagerController: ed05951429a860c56cfdffbeba1a8af5132a28ae
  FMDB: 6198a90e7b6900cfc046e6bc0ef6ebb7be9236aa
  GQGesVCTransition: e4991d52fa30bdb25da6df1b80f83ffd8c4679da
  HMSegmentedControl: f514c6dad47aa3065e0ed2e8046b73efc71221b9
  IQKeyboardManager: 79c57795f5c2408d259d37b9da2ed07efcbb5225
  Masonry: 678fab65091a9290e40e2832a55e7ab731aad201
  MJExtension: 19bc33ce2eee2d319760f5622562cf581a6ff756
  MJRefresh: 0efa19656679d70a0f47cbe76e56c2271fe53a97
  SDCycleScrollView: f72904c77698a7f93a41bcbbc2d78b073bf7326c
  SDWebImage: 098e97e6176540799c27e804c96653ee0833d13c
  SVProgressHUD: 1428aafac632c1f86f62aa4243ec12008d7a51d6
  TZImagePickerController: fb2642a6530dc12eb38c14a53972fd6869327677
  UMCAnalytics: 4667788559a72f2fa5077117d1b8802a3b6eb6bb
  UMCCommon: 4392868ac47ff1b101663106bb114ba616fabbad
  UMCSecurityPlugins: 0831a08f3988f3cea9f1d3a7626cd9bee4fef150
  ZYCornerRadius: f0af817be7805b5c63d793042ca7a03f81e14069

PODFILE CHECKSUM: d9df800cba88037ba9d5618a793b0e9c65b7c8e3

COCOAPODS: 1.5.3
